
Microsoft Visual Studio Solution File, Format Version 12.00
# Visual Studio Version 16
VisualStudioVersion = 16.0.30011.22
MinimumVisualStudioVersion = 10.0.40219.1
Project("{FAE04EC0-301F-11D3-BF4B-00C04F79EFBC}") = "ProyectoPr1mal", "ProyectoPr1mal.csproj", "{2DDBA9B9-C9C9-402F-85AA-C79509D63AA2}"
EndProject
Global
	GlobalSection(SolutionConfigurationPlatforms) = preSolution
		Debug|Any CPU = Debug|Any CPU
		Release|Any CPU = Release|Any CPU
	EndGlobalSection
	GlobalSection(ProjectConfigurationPlatforms) = postSolution
		{2DDBA9B9-C9C9-402F-85AA-C79509D63AA2}.Debug|Any CPU.ActiveCfg = Debug|Any CPU
		{2DDBA9B9-C9C9-402F-85AA-C79509D63AA2}.Debug|Any CPU.Build.0 = Debug|Any CPU
		{2DDBA9B9-C9C9-402F-85AA-C79509D63AA2}.Release|Any CPU.ActiveCfg = Release|Any CPU
		{2DDBA9B9-C9C9-402F-85AA-C79509D63AA2}.Release|Any CPU.Build.0 = Release|Any CPU
	EndGlobalSection
	GlobalSection(SolutionProperties) = preSolution
		HideSolutionNode = FALSE
	EndGlobalSection
	GlobalSection(ExtensibilityGlobals) = postSolution
		SolutionGuid = {C7BE2714-7880-42FD-9A26-D9BD963AF6FB}
	EndGlobalSection
EndGlobal
